
Microsoft Visual Studio Solution File, Format Version 12.00
# Visual Studio Version 16
VisualStudioVersion = 16.0.31321.278
MinimumVisualStudioVersion = 10.0.40219.1
Project("{FAE04EC0-301F-11D3-BF4B-00C04F79EFBC}") = "THTLaptopStore", "WebApplication1\THTLaptopStore.csproj", "{A877CD20-822B-4131-84E1-9E9AD80FED12}"
EndProject
Global
	GlobalSection(SolutionConfigurationPlatforms) = preSolution
		Debug|Any CPU = Debug|Any CPU
		Release|Any CPU = Release|Any CPU
	EndGlobalSection
	GlobalSection(ProjectConfigurationPlatforms) = postSolution
		{A877CD20-822B-4131-84E1-9E9AD80FED12}.Debug|Any CPU.ActiveCfg = Debug|Any CPU
		{A877CD20-822B-4131-84E1-9E9AD80FED12}.Debug|Any CPU.Build.0 = Debug|Any CPU
		{A877CD20-822B-4131-84E1-9E9AD80FED12}.Release|Any CPU.ActiveCfg = Release|Any CPU
		{A877CD20-822B-4131-84E1-9E9AD80FED12}.Release|Any CPU.Build.0 = Release|Any CPU
	EndGlobalSection
	GlobalSection(SolutionProperties) = preSolution
		HideSolutionNode = FALSE
	EndGlobalSection
	GlobalSection(ExtensibilityGlobals) = postSolution
		SolutionGuid = {DD2F020A-0C44-4CBC-B497-F4DC813FF836}
	EndGlobalSection
EndGlobal
